// !$*UTF8*$!
{
	archiveVersion = 1;
	classes = {
	};
	objectVersion = 71;
	objects = {

/* Begin PBXBuildFile section */
		7FE9140D30577B1A00D172AD /* Grocery Manager.icon in Resources */ = {isa = PBXBuildFile; fileRef = 7FE9140C30577B1A00D172AD /* Grocery Manager.icon */; };
		7FF4C56E3059281C00D0FAA7 /* GroceryListView.swift in Sources */ = {isa = PBXBuildFile; fileRef = 7FF4C56D3059281400D0FAA7 /* GroceryListView.swift */; };
		7FF4C570305B828D00D0FAA7 /* Untitled 8.svg in Resources */ = {isa = PBXBuildFile; fileRef = 7FF4C56F305B828D00D0FAA7 /* Untitled 8.svg */; };
		7FF4C572305F098300D0FAA7 /* GroceryViewModel.swift in Sources */ = {isa = PBXBuildFile; fileRef = 7FF4C571305F098300D0FAA7 /* GroceryViewModel.swift */; };
		A10000000000000000000001 /* GroceryManagerApp.swift in Sources */ = {isa = PBXBuildFile; fileRef = B10000000000000000000001 /* GroceryManagerApp.swift */; };
		A10000000000000000000002 /* GroceryModels.swift in Sources */ = {isa = PBXBuildFile; fileRef = B10000000000000000000002 /* GroceryModels.swift */; };
		A10000000000000000000003 /* ContentView.swift in Sources */ = {isa = PBXBuildFile; fileRef = B10000000000000000000003 /* ContentView.swift */; };
		A10000000000000000000004 /* InventoryViewModel.swift in Sources */ = {isa = PBXBuildFile; fileRef = B10000000000000000000004 /* InventoryViewModel.swift */; };
		A10000000000000000000005 /* InventoryDashboardView.swift in Sources */ = {isa = PBXBuildFile; fileRef = B10000000000000000000005 /* InventoryDashboardView.swift */; };
		A10000000000000000000006 /* LocationListView.swift in Sources */ = {isa = PBXBuildFile; fileRef = B10000000000000000000006 /* LocationListView.swift */; };
		A10000000000000000000007 /* Forms.swift in Sources */ = {isa = PBXBuildFile; fileRef = B10000000000000000000007 /* Forms.swift */; };
		A10000000000000000000008 /* NotificationManager.swift in Sources */ = {isa = PBXBuildFile; fileRef = B10000000000000000000008 /* NotificationManager.swift */; };
		A10000000000000000000009 /* ExpiryNotificationPlannerTests.swift in Sources */ = {isa = PBXBuildFile; fileRef = B10000000000000000000009 /* ExpiryNotificationPlannerTests.swift */; };
		A10000000000000000000011 /* RecipeViewModel.swift in Sources */ = {isa = PBXBuildFile; fileRef = B10000000000000000000011 /* RecipeViewModel.swift */; };
		A10000000000000000000012 /* RecipeViews.swift in Sources */ = {isa = PBXBuildFile; fileRef = B10000000000000000000012 /* RecipeViews.swift */; };
		A10000000000000000000013 /* PantryMatcher.swift in Sources */ = {isa = PBXBuildFile; fileRef = B10000000000000000000013 /* PantryMatcher.swift */; };
		A10000000000000000000014 /* UnitConversion.swift in Sources */ = {isa = PBXBuildFile; fileRef = B10000000000000000000014 /* UnitConversion.swift */; };
		A10000000000000000000015 /* OnDeviceRecipeImporter.swift in Sources */ = {isa = PBXBuildFile; fileRef = B10000000000000000000015 /* OnDeviceRecipeImporter.swift */; };
		A10000000000000000000016 /* Persistence.swift in Sources */ = {isa = PBXBuildFile; fileRef = B10000000000000000000016 /* Persistence.swift */; };
		A10000000000000000000017 /* GroceryAppIntents.swift in Sources */ = {isa = PBXBuildFile; fileRef = B10000000000000000000017 /* GroceryAppIntents.swift */; };
		A10000000000000000000018 /* LaunchScreenView.swift in Sources */ = {isa = PBXBuildFile; fileRef = B10000000000000000000018 /* LaunchScreenView.swift */; };
		A10000000000000000000019 /* Assets.xcassets in Resources */ = {isa = PBXBuildFile; fileRef = 8A10000000000000000000001 /* Assets.xcassets */; };
/* End PBXBuildFile section */

/* Begin PBXFileReference section */
		7FE9140B3057750200D172AD /* GroceryManager.entitlements */ = {isa = PBXFileReference; lastKnownFileType = text.plist.entitlements; path = GroceryManager.entitlements; sourceTree = "<group>"; };
		7FE9140C30577B1A00D172AD /* Grocery Manager.icon */ = {isa = PBXFileReference; lastKnownFileType = folder.iconcomposer.icon; path = "Grocery Manager.icon"; sourceTree = "<group>"; };
		7FE9140E30577FC200D172AD /* Info.plist */ = {isa = PBXFileReference; lastKnownFileType = text.plist; path = Info.plist; sourceTree = "<group>"; };
		7FF4C56D3059281400D0FAA7 /* GroceryListView.swift */ = {isa = PBXFileReference; lastKnownFileType = sourcecode.swift; path = GroceryListView.swift; sourceTree = "<group>"; };
		7FF4C56F305B828D00D0FAA7 /* Untitled 8.svg */ = {isa = PBXFileReference; lastKnownFileType = text.xml; path = "Untitled 8.svg"; sourceTree = "<group>"; };
		7FF4C571305F098300D0FAA7 /* GroceryViewModel.swift */ = {isa = PBXFileReference; lastKnownFileType = sourcecode.swift; path = GroceryViewModel.swift; sourceTree = "<group>"; };
		8A10000000000000000000001 /* Assets.xcassets */ = {isa = PBXFileReference; lastKnownFileType = folder.assetcatalog; path = Assets.xcassets; sourceTree = "<group>"; };
		B10000000000000000000000 /* GroceryManager.app */ = {isa = PBXFileReference; explicitFileType = wrapper.application; includeInIndex = 0; path = GroceryManager.app; sourceTree = BUILT_PRODUCTS_DIR; };
		B10000000000000000000001 /* GroceryManagerApp.swift */ = {isa = PBXFileReference; lastKnownFileType = sourcecode.swift; path = GroceryManagerApp.swift; sourceTree = "<group>"; };
		B10000000000000000000002 /* GroceryModels.swift */ = {isa = PBXFileReference; lastKnownFileType = sourcecode.swift; path = GroceryModels.swift; sourceTree = "<group>"; };
		B10000000000000000000003 /* ContentView.swift */ = {isa = PBXFileReference; lastKnownFileType = sourcecode.swift; path = ContentView.swift; sourceTree = "<group>"; };
		B10000000000000000000004 /* InventoryViewModel.swift */ = {isa = PBXFileReference; lastKnownFileType = sourcecode.swift; path = InventoryViewModel.swift; sourceTree = "<group>"; };
		B10000000000000000000005 /* InventoryDashboardView.swift */ = {isa = PBXFileReference; lastKnownFileType = sourcecode.swift; path = InventoryDashboardView.swift; sourceTree = "<group>"; };
		B10000000000000000000006 /* LocationListView.swift */ = {isa = PBXFileReference; lastKnownFileType = sourcecode.swift; path = LocationListView.swift; sourceTree = "<group>"; };
		B10000000000000000000007 /* Forms.swift */ = {isa = PBXFileReference; lastKnownFileType = sourcecode.swift; path = Forms.swift; sourceTree = "<group>"; };
		B10000000000000000000008 /* NotificationManager.swift */ = {isa = PBXFileReference; lastKnownFileType = sourcecode.swift; path = NotificationManager.swift; sourceTree = "<group>"; };
		B10000000000000000000009 /* ExpiryNotificationPlannerTests.swift */ = {isa = PBXFileReference; lastKnownFileType = sourcecode.swift; path = ExpiryNotificationPlannerTests.swift; sourceTree = "<group>"; };
		B10000000000000000000010 /* GroceryManagerTests.xctest */ = {isa = PBXFileReference; explicitFileType = wrapper.cfbundle; includeInIndex = 0; path = GroceryManagerTests.xctest; sourceTree = BUILT_PRODUCTS_DIR; };
		B10000000000000000000011 /* RecipeViewModel.swift */ = {isa = PBXFileReference; lastKnownFileType = sourcecode.swift; path = RecipeViewModel.swift; sourceTree = "<group>"; };
		B10000000000000000000012 /* RecipeViews.swift */ = {isa = PBXFileReference; lastKnownFileType = sourcecode.swift; path = RecipeViews.swift; sourceTree = "<group>"; };
		B10000000000000000000013 /* PantryMatcher.swift */ = {isa = PBXFileReference; lastKnownFileType = sourcecode.swift; path = PantryMatcher.swift; sourceTree = "<group>"; };
		B10000000000000000000014 /* UnitConversion.swift */ = {isa = PBXFileReference; lastKnownFileType = sourcecode.swift; path = UnitConversion.swift; sourceTree = "<group>"; };
		B10000000000000000000015 /* OnDeviceRecipeImporter.swift */ = {isa = PBXFileReference; lastKnownFileType = sourcecode.swift; path = OnDeviceRecipeImporter.swift; sourceTree = "<group>"; };
		B10000000000000000000016 /* Persistence.swift */ = {isa = PBXFileReference; lastKnownFileType = sourcecode.swift; path = Persistence.swift; sourceTree = "<group>"; };
		B10000000000000000000017 /* GroceryAppIntents.swift */ = {isa = PBXFileReference; lastKnownFileType = sourcecode.swift; path = GroceryAppIntents.swift; sourceTree = "<group>"; };
		B10000000000000000000018 /* LaunchScreenView.swift */ = {isa = PBXFileReference; lastKnownFileType = sourcecode.swift; path = LaunchScreenView.swift; sourceTree = "<group>"; };
/* End PBXFileReference section */

/* Begin PBXFrameworksBuildPhase section */
		C10000000000000000000001 /* Frameworks */ = {
			isa = PBXFrameworksBuildPhase;
			buildActionMask = 2147483647;
			files = (
			);
			runOnlyForDeploymentPostprocessing = 0;
		};
		C10000000000000000000005 /* Frameworks */ = {
			isa = PBXFrameworksBuildPhase;
			buildActionMask = 2147483647;
			files = (
			);
			runOnlyForDeploymentPostprocessing = 0;
		};
/* End PBXFrameworksBuildPhase section */

/* Begin PBXGroup section */
		7FE914083057748800D172AD /* Frameworks */ = {
			isa = PBXGroup;
			children = (
			);
			name = Frameworks;
			sourceTree = "<group>";
		};
		D10000000000000000000000 = {
			isa = PBXGroup;
			children = (
				7FF4C56F305B828D00D0FAA7 /* Untitled 8.svg */,
				7FE9140C30577B1A00D172AD /* Grocery Manager.icon */,
				D10000000000000000000001 /* GroceryManager */,
				D10000000000000000000007 /* GroceryManagerTests */,
				7FE914083057748800D172AD /* Frameworks */,
				D10000000000000000000002 /* Products */,
			);
			sourceTree = "<group>";
		};
		D10000000000000000000001 /* GroceryManager */ = {
			isa = PBXGroup;
			children = (
				7FE9140E30577FC200D172AD /* Info.plist */,
				7FE9140B3057750200D172AD /* GroceryManager.entitlements */,
				B10000000000000000000001 /* GroceryManagerApp.swift */,
				B10000000000000000000016 /* Persistence.swift */,
				B10000000000000000000018 /* LaunchScreenView.swift */,
				8A10000000000000000000001 /* Assets.xcassets */,
				D10000000000000000000003 /* Models */,
				D10000000000000000000004 /* Views */,
				D10000000000000000000005 /* ViewModels */,
				D10000000000000000000006 /* Services */,
			);
			path = GroceryManager;
			sourceTree = "<group>";
		};
		D10000000000000000000002 /* Products */ = {
			isa = PBXGroup;
			children = (
				B10000000000000000000000 /* GroceryManager.app */,
				B10000000000000000000010 /* GroceryManagerTests.xctest */,
			);
			name = Products;
			sourceTree = "<group>";
		};
		D10000000000000000000003 /* Models */ = {
			isa = PBXGroup;
			children = (
				B10000000000000000000002 /* GroceryModels.swift */,
			);
			path = Models;
			sourceTree = "<group>";
		};
		D10000000000000000000004 /* Views */ = {
			isa = PBXGroup;
			children = (
				B10000000000000000000003 /* ContentView.swift */,
				B10000000000000000000005 /* InventoryDashboardView.swift */,
				7FF4C56D3059281400D0FAA7 /* GroceryListView.swift */,
				B10000000000000000000006 /* LocationListView.swift */,
				B10000000000000000000007 /* Forms.swift */,
				B10000000000000000000012 /* RecipeViews.swift */,
			);
			path = Views;
			sourceTree = "<group>";
		};
		D10000000000000000000005 /* ViewModels */ = {
			isa = PBXGroup;
			children = (
				7FF4C571305F098300D0FAA7 /* GroceryViewModel.swift */,
				B10000000000000000000004 /* InventoryViewModel.swift */,
				B10000000000000000000011 /* RecipeViewModel.swift */,
			);
			path = ViewModels;
			sourceTree = "<group>";
		};
		D10000000000000000000006 /* Services */ = {
			isa = PBXGroup;
			children = (
				B10000000000000000000008 /* NotificationManager.swift */,
				B10000000000000000000013 /* PantryMatcher.swift */,
				B10000000000000000000014 /* UnitConversion.swift */,
				B10000000000000000000015 /* OnDeviceRecipeImporter.swift */,
				B10000000000000000000017 /* GroceryAppIntents.swift */,
			);
			path = Services;
			sourceTree = "<group>";
		};
		D10000000000000000000007 /* GroceryManagerTests */ = {
			isa = PBXGroup;
			children = (
				B10000000000000000000009 /* ExpiryNotificationPlannerTests.swift */,
			);
			path = GroceryManagerTests;
			sourceTree = "<group>";
		};
/* End PBXGroup section */

/* Begin PBXNativeTarget section */
		E10000000000000000000000 /* GroceryManager */ = {
			isa = PBXNativeTarget;
			buildConfigurationList = F10000000000000000000001 /* Build configuration list for PBXNativeTarget "GroceryManager" */;
			buildPhases = (
				C10000000000000000000002 /* Sources */,
				C10000000000000000000001 /* Frameworks */,
				C10000000000000000000003 /* Resources */,
			);
			buildRules = (
			);
			dependencies = (
			);
			name = GroceryManager;
			productName = GroceryManager;
			productReference = B10000000000000000000000 /* GroceryManager.app */;
			productType = "com.apple.product-type.application";
		};
		E10000000000000000000002 /* GroceryManagerTests */ = {
			isa = PBXNativeTarget;
			buildConfigurationList = F10000000000000000000002 /* Build configuration list for PBXNativeTarget "GroceryManagerTests" */;
			buildPhases = (
				C10000000000000000000004 /* Sources */,
				C10000000000000000000005 /* Frameworks */,
				C10000000000000000000006 /* Resources */,
			);
			buildRules = (
			);
			dependencies = (
			);
			name = GroceryManagerTests;
			productName = GroceryManagerTests;
			productReference = B10000000000000000000010 /* GroceryManagerTests.xctest */;
			productType = "com.apple.product-type.bundle.unit-test";
		};
/* End PBXNativeTarget section */

/* Begin PBXProject section */
		E10000000000000000000001 /* Project object */ = {
			isa = PBXProject;
			attributes = {
				LastUpgradeCheck = 2700;
				TargetAttributes = {
					E10000000000000000000000 = {
						CreatedOnToolsVersion = 27.0;
					};
				};
			};
			buildConfigurationList = F10000000000000000000000 /* Build configuration list for PBXProject "GroceryManager" */;
			compatibilityVersion = "Xcode 16.0";
			developmentRegion = en;
			hasScannedForEncodings = 0;
			knownRegions = (
				en,
				Base,
			);
			mainGroup = D10000000000000000000000;
			productRefGroup = D10000000000000000000002 /* Products */;
			projectDirPath = "";
			projectRoot = "";
			targets = (
				E10000000000000000000000 /* GroceryManager */,
				E10000000000000000000002 /* GroceryManagerTests */,
			);
		};
/* End PBXProject section */

/* Begin PBXResourcesBuildPhase section */
		C10000000000000000000003 /* Resources */ = {
			isa = PBXResourcesBuildPhase;
			buildActionMask = 2147483647;
			files = (
				7FE9140D30577B1A00D172AD /* Grocery Manager.icon in Resources */,
				7FF4C570305B828D00D0FAA7 /* Untitled 8.svg in Resources */,
				A10000000000000000000019 /* Assets.xcassets in Resources */,
			);
			runOnlyForDeploymentPostprocessing = 0;
		};
		C10000000000000000000006 /* Resources */ = {
			isa = PBXResourcesBuildPhase;
			buildActionMask = 2147483647;
			files = (
			);
			runOnlyForDeploymentPostprocessing = 0;
		};
/* End PBXResourcesBuildPhase section */

/* Begin PBXSourcesBuildPhase section */
		C10000000000000000000002 /* Sources */ = {
			isa = PBXSourcesBuildPhase;
			buildActionMask = 2147483647;
			files = (
				A10000000000000000000001 /* GroceryManagerApp.swift in Sources */,
				A10000000000000000000002 /* GroceryModels.swift in Sources */,
				7FF4C56E3059281C00D0FAA7 /* GroceryListView.swift in Sources */,
				7FF4C572305F098300D0FAA7 /* GroceryViewModel.swift in Sources */,
				A10000000000000000000003 /* ContentView.swift in Sources */,
				A10000000000000000000004 /* InventoryViewModel.swift in Sources */,
				A10000000000000000000005 /* InventoryDashboardView.swift in Sources */,
				A10000000000000000000006 /* LocationListView.swift in Sources */,
				A10000000000000000000007 /* Forms.swift in Sources */,
				A10000000000000000000008 /* NotificationManager.swift in Sources */,
				A10000000000000000000011 /* RecipeViewModel.swift in Sources */,
				A10000000000000000000012 /* RecipeViews.swift in Sources */,
				A10000000000000000000013 /* PantryMatcher.swift in Sources */,
				A10000000000000000000014 /* UnitConversion.swift in Sources */,
				A10000000000000000000015 /* OnDeviceRecipeImporter.swift in Sources */,
				A10000000000000000000016 /* Persistence.swift in Sources */,
				A10000000000000000000017 /* GroceryAppIntents.swift in Sources */,
				A10000000000000000000018 /* LaunchScreenView.swift in Sources */,
			);
			runOnlyForDeploymentPostprocessing = 0;
		};
		C10000000000000000000004 /* Sources */ = {
			isa = PBXSourcesBuildPhase;
			buildActionMask = 2147483647;
			files = (
				A10000000000000000000009 /* ExpiryNotificationPlannerTests.swift in Sources */,
			);
			runOnlyForDeploymentPostprocessing = 0;
		};
/* End PBXSourcesBuildPhase section */

/* Begin XCBuildConfiguration section */
		F20000000000000000000000 /* Debug */ = {
			isa = XCBuildConfiguration;
			buildSettings = {
				ALWAYS_SEARCH_USER_PATHS = NO;
				CLANG_ENABLE_MODULES = YES;
				SWIFT_OPTIMIZATION_LEVEL = "-Onone";
			};
			name = Debug;
		};
		F20000000000000000000001 /* Release */ = {
			isa = XCBuildConfiguration;
			buildSettings = {
				ALWAYS_SEARCH_USER_PATHS = NO;
				CLANG_ENABLE_MODULES = YES;
				SWIFT_OPTIMIZATION_LEVEL = "-O";
			};
			name = Release;
		};
		F20000000000000000000002 /* Debug */ = {
			isa = XCBuildConfiguration;
			buildSettings = {
				ASSETCATALOG_COMPILER_APPICON_NAME = "Grocery Manager";
				"ASSETCATALOG_COMPILER_APPICON_NAME[sdk=iphoneos*]" = "Grocery Manager";
				ASSETCATALOG_COMPILER_INCLUDE_ALL_APPICON_ASSETS = NO;
				CODE_SIGN_ENTITLEMENTS = GroceryManager/GroceryManager.entitlements;
				CODE_SIGN_STYLE = Automatic;
				CURRENT_PROJECT_VERSION = 1;
				DEVELOPMENT_TEAM = UF77TH29VG;
				GENERATE_INFOPLIST_FILE = YES;
				INFOPLIST_FILE = GroceryManager/Info.plist;
				INFOPLIST_KEY_CFBundleDisplayName = "Grocery Manager";
				INFOPLIST_KEY_LSApplicationCategoryType = "public.app-category.food-and-drink";
				INFOPLIST_KEY_UILaunchScreen_Generation = YES;
				INFOPLIST_KEY_UILaunchStoryboardName = " ";
				INFOPLIST_KEY_UIStatusBarHidden = NO;
				INFOPLIST_KEY_UISupportedInterfaceOrientations = "UIInterfaceOrientationLandscapeLeft UIInterfaceOrientationLandscapeRight UIInterfaceOrientationPortrait UIInterfaceOrientationPortraitUpsideDown";
				IPHONEOS_DEPLOYMENT_TARGET = 26.6;
				MARKETING_VERSION = 1.1;
				PRODUCT_BUNDLE_IDENTIFIER = com.example.GroceryMang;
				PRODUCT_NAME = "$(TARGET_NAME)";
				SDKROOT = iphoneos;
				SWIFT_VERSION = 5.0;
				TARGETED_DEVICE_FAMILY = "1,2";
			};
			name = Debug;
		};
		F20000000000000000000003 /* Release */ = {
			isa = XCBuildConfiguration;
			buildSettings = {
				ASSETCATALOG_COMPILER_APPICON_NAME = "Grocery Manager";
				"ASSETCATALOG_COMPILER_APPICON_NAME[sdk=iphoneos*]" = "Grocery Manager";
				ASSETCATALOG_COMPILER_INCLUDE_ALL_APPICON_ASSETS = NO;
				CODE_SIGN_ENTITLEMENTS = GroceryManager/GroceryManager.entitlements;
				CODE_SIGN_STYLE = Automatic;
				CURRENT_PROJECT_VERSION = 1;
				DEVELOPMENT_TEAM = UF77TH29VG;
				GENERATE_INFOPLIST_FILE = YES;
				INFOPLIST_FILE = GroceryManager/Info.plist;
				INFOPLIST_KEY_CFBundleDisplayName = "Grocery Manager";
				INFOPLIST_KEY_LSApplicationCategoryType = "public.app-category.food-and-drink";
				INFOPLIST_KEY_UILaunchScreen_Generation = YES;
				INFOPLIST_KEY_UILaunchStoryboardName = " ";
				INFOPLIST_KEY_UIStatusBarHidden = NO;
				INFOPLIST_KEY_UISupportedInterfaceOrientations = "UIInterfaceOrientationLandscapeLeft UIInterfaceOrientationLandscapeRight UIInterfaceOrientationPortrait UIInterfaceOrientationPortraitUpsideDown";
				IPHONEOS_DEPLOYMENT_TARGET = 26.6;
				MARKETING_VERSION = 1.1;
				PRODUCT_BUNDLE_IDENTIFIER = com.example.GroceryMang;
				PRODUCT_NAME = "$(TARGET_NAME)";
				SDKROOT = iphoneos;
				SWIFT_VERSION = 5.0;
				TARGETED_DEVICE_FAMILY = "1,2";
			};
			name = Release;
		};
		F20000000000000000000004 /* Debug */ = {
			isa = XCBuildConfiguration;
			buildSettings = {
				BUNDLE_LOADER = "$(TEST_HOST)";
				CODE_SIGN_STYLE = Automatic;
				GENERATE_INFOPLIST_FILE = YES;
				IPHONEOS_DEPLOYMENT_TARGET = 27.0;
				PRODUCT_BUNDLE_IDENTIFIER = com.example.GroceryManagerTests;
				PRODUCT_NAME = "$(TARGET_NAME)";
				SDKROOT = iphoneos;
				SWIFT_VERSION = 5.0;
				TEST_HOST = "$(BUILT_PRODUCTS_DIR)/GroceryManager.app/GroceryManager";
			};
			name = Debug;
		};
		F20000000000000000000005 /* Release */ = {
			isa = XCBuildConfiguration;
			buildSettings = {
				BUNDLE_LOADER = "$(TEST_HOST)";
				CODE_SIGN_STYLE = Automatic;
				GENERATE_INFOPLIST_FILE = YES;
				IPHONEOS_DEPLOYMENT_TARGET = 27.0;
				PRODUCT_BUNDLE_IDENTIFIER = com.example.GroceryManagerTests;
				PRODUCT_NAME = "$(TARGET_NAME)";
				SDKROOT = iphoneos;
				SWIFT_VERSION = 5.0;
				TEST_HOST = "$(BUILT_PRODUCTS_DIR)/GroceryManager.app/GroceryManager";
			};
			name = Release;
		};
/* End XCBuildConfiguration section */

/* Begin XCConfigurationList section */
		F10000000000000000000000 /* Build configuration list for PBXProject "GroceryManager" */ = {
			isa = XCConfigurationList;
			buildConfigurations = (
				F20000000000000000000000 /* Debug */,
				F20000000000000000000001 /* Release */,
			);
			defaultConfigurationIsVisible = 0;
			defaultConfigurationName = Release;
		};
		F10000000000000000000001 /* Build configuration list for PBXNativeTarget "GroceryManager" */ = {
			isa = XCConfigurationList;
			buildConfigurations = (
				F20000000000000000000002 /* Debug */,
				F20000000000000000000003 /* Release */,
			);
			defaultConfigurationIsVisible = 0;
			defaultConfigurationName = Release;
		};
		F10000000000000000000002 /* Build configuration list for PBXNativeTarget "GroceryManagerTests" */ = {
			isa = XCConfigurationList;
			buildConfigurations = (
				F20000000000000000000004 /* Debug */,
				F20000000000000000000005 /* Release */,
			);
			defaultConfigurationIsVisible = 0;
			defaultConfigurationName = Release;
		};
/* End XCConfigurationList section */
	};
	rootObject = E10000000000000000000001 /* Project object */;
}
